
Microsoft Visual Studio Solution File, Format Version 12.00
# Visual Studio 15
VisualStudioVersion = 15.0.28010.2041
MinimumVisualStudioVersion = 10.0.40219.1
Project("{FAE04EC0-301F-11D3-BF4B-00C04F79EFBC}") = "C2_WPF_HomeWorks", "C2_WPF_HomeWorks\C2_WPF_HomeWorks.csproj", "{7131F5FE-8550-4377-86F4-40940368AA1F}"
EndProject
Global
	GlobalSection(SolutionConfigurationPlatforms) = preSolution
		Debug|Any CPU = Debug|Any CPU
		Release|Any CPU = Release|Any CPU
	EndGlobalSection
	GlobalSection(ProjectConfigurationPlatforms) = postSolution
		{7131F5FE-8550-4377-86F4-40940368AA1F}.Debug|Any CPU.ActiveCfg = Debug|Any CPU
		{7131F5FE-8550-4377-86F4-40940368AA1F}.Debug|Any CPU.Build.0 = Debug|Any CPU
		{7131F5FE-8550-4377-86F4-40940368AA1F}.Release|Any CPU.ActiveCfg = Release|Any CPU
		{7131F5FE-8550-4377-86F4-40940368AA1F}.Release|Any CPU.Build.0 = Release|Any CPU
	EndGlobalSection
	GlobalSection(SolutionProperties) = preSolution
		HideSolutionNode = FALSE
	EndGlobalSection
	GlobalSection(ExtensibilityGlobals) = postSolution
		SolutionGuid = {3504F5D7-D6B9-4D80-8ABD-2FCE90054100}
	EndGlobalSection
EndGlobal
